
Microsoft Visual Studio Solution File, Format Version 12.00
# Visual Studio 15
VisualStudioVersion = 15.0.27004.2002
MinimumVisualStudioVersion = 10.0.40219.1
Project("{FAE04EC0-301F-11D3-BF4B-00C04F79EFBC}") = "InteractiveBrain", "LEDPracticeAppWPFV1.0.1\InteractiveBrain.csproj", "{465C5823-9BE7-471C-97C9-88D8789159A6}"
EndProject
Global
	GlobalSection(SolutionConfigurationPlatforms) = preSolution
		Debug|Any CPU = Debug|Any CPU
		Release|Any CPU = Release|Any CPU
	EndGlobalSection
	GlobalSection(ProjectConfigurationPlatforms) = postSolution
		{465C5823-9BE7-471C-97C9-88D8789159A6}.Debug|Any CPU.ActiveCfg = Debug|Any CPU
		{465C5823-9BE7-471C-97C9-88D8789159A6}.Debug|Any CPU.Build.0 = Debug|Any CPU
		{465C5823-9BE7-471C-97C9-88D8789159A6}.Release|Any CPU.ActiveCfg = Release|Any CPU
		{465C5823-9BE7-471C-97C9-88D8789159A6}.Release|Any CPU.Build.0 = Release|Any CPU
	EndGlobalSection
	GlobalSection(SolutionProperties) = preSolution
		HideSolutionNode = FALSE
	EndGlobalSection
	GlobalSection(ExtensibilityGlobals) = postSolution
		SolutionGuid = {1CCCB36E-87DA-424C-9976-BE78AA1F58D0}
	EndGlobalSection
EndGlobal
